// !$*UTF8*$!
{
	archiveVersion = 1;
	classes = {
	};
	objectVersion = 50;
	objects = {

/* Begin PBXBuildFile section */
		6A1AACD5212E644400EED212 /* 243019__davestalker__flock-of-birds-in-hedge2.mp3 in Resources */ = {isa = PBXBuildFile; fileRef = 6A1AACD4212E644200EED212 /* 243019__davestalker__flock-of-birds-in-hedge2.mp3 */; };
		6AF0AA61211E297A00A6C502 /* AppDelegate.swift in Sources */ = {isa = PBXBuildFile; fileRef = 6AF0AA60211E297A00A6C502 /* AppDelegate.swift */; };
		6AF0AA63211E297A00A6C502 /* ViewController.swift in Sources */ = {isa = PBXBuildFile; fileRef = 6AF0AA62211E297A00A6C502 /* ViewController.swift */; };
		6AF0AA66211E297A00A6C502 /* Main.storyboard in Resources */ = {isa = PBXBuildFile; fileRef = 6AF0AA64211E297A00A6C502 /* Main.storyboard */; };
		6AF0AA69211E297B00A6C502 /* Study_Time.xcdatamodeld in Sources */ = {isa = PBXBuildFile; fileRef = 6AF0AA67211E297B00A6C502 /* Study_Time.xcdatamodeld */; };
		6AF0AA6B211E298400A6C502 /* Assets.xcassets in Resources */ = {isa = PBXBuildFile; fileRef = 6AF0AA6A211E298400A6C502 /* Assets.xcassets */; };
		6AF0AA6E211E298400A6C502 /* LaunchScreen.storyboard in Resources */ = {isa = PBXBuildFile; fileRef = 6AF0AA6C211E298400A6C502 /* LaunchScreen.storyboard */; };
		6AF0AA7E2129FA5C00A6C502 /* ViewControllerSounds.swift in Sources */ = {isa = PBXBuildFile; fileRef = 6AF0AA7D2129FA5C00A6C502 /* ViewControllerSounds.swift */; };
		6AF0AAA5212A616900A6C502 /* song.mp3 in Resources */ = {isa = PBXBuildFile; fileRef = 6AF0AAA3212A616900A6C502 /* song.mp3 */; };
		6AF0AAA6212A616900A6C502 /* songlabamaa florida.mp3 in Resources */ = {isa = PBXBuildFile; fileRef = 6AF0AAA4212A616900A6C502 /* songlabamaa florida.mp3 */; };
/* End PBXBuildFile section */

/* Begin PBXFileReference section */
		6A1AACD4212E644200EED212 /* 243019__davestalker__flock-of-birds-in-hedge2.mp3 */ = {isa = PBXFileReference; lastKnownFileType = audio.mp3; path = "243019__davestalker__flock-of-birds-in-hedge2.mp3"; sourceTree = "<group>"; };
		6AF0AA5D211E297A00A6C502 /* Study Time.app */ = {isa = PBXFileReference; explicitFileType = wrapper.application; includeInIndex = 0; path = "Study Time.app"; sourceTree = BUILT_PRODUCTS_DIR; };
		6AF0AA60211E297A00A6C502 /* AppDelegate.swift */ = {isa = PBXFileReference; lastKnownFileType = sourcecode.swift; path = AppDelegate.swift; sourceTree = "<group>"; };
		6AF0AA62211E297A00A6C502 /* ViewController.swift */ = {isa = PBXFileReference; lastKnownFileType = sourcecode.swift; path = ViewController.swift; sourceTree = "<group>"; };
		6AF0AA65211E297A00A6C502 /* Base */ = {isa = PBXFileReference; lastKnownFileType = file.storyboard; name = Base; path = Base.lproj/Main.storyboard; sourceTree = "<group>"; };
		6AF0AA68211E297B00A6C502 /* Study_Time.xcdatamodel */ = {isa = PBXFileReference; lastKnownFileType = wrapper.xcdatamodel; path = Study_Time.xcdatamodel; sourceTree = "<group>"; };
		6AF0AA6A211E298400A6C502 /* Assets.xcassets */ = {isa = PBXFileReference; lastKnownFileType = folder.assetcatalog; path = Assets.xcassets; sourceTree = "<group>"; };
		6AF0AA6D211E298400A6C502 /* Base */ = {isa = PBXFileReference; lastKnownFileType = file.storyboard; name = Base; path = Base.lproj/LaunchScreen.storyboard; sourceTree = "<group>"; };
		6AF0AA6F211E298400A6C502 /* Info.plist */ = {isa = PBXFileReference; lastKnownFileType = text.plist.xml; path = Info.plist; sourceTree = "<group>"; };
		6AF0AA7D2129FA5C00A6C502 /* ViewControllerSounds.swift */ = {isa = PBXFileReference; lastKnownFileType = sourcecode.swift; path = ViewControllerSounds.swift; sourceTree = "<group>"; };
		6AF0AAA3212A616900A6C502 /* song.mp3 */ = {isa = PBXFileReference; lastKnownFileType = audio.mp3; path = song.mp3; sourceTree = "<group>"; };
		6AF0AAA4212A616900A6C502 /* songlabamaa florida.mp3 */ = {isa = PBXFileReference; lastKnownFileType = audio.mp3; path = "songlabamaa florida.mp3"; sourceTree = "<group>"; };
/* End PBXFileReference section */

/* Begin PBXFrameworksBuildPhase section */
		6AF0AA5A211E297A00A6C502 /* Frameworks */ = {
			isa = PBXFrameworksBuildPhase;
			buildActionMask = 2147483647;
			files = (
			);
			runOnlyForDeploymentPostprocessing = 0;
		};
/* End PBXFrameworksBuildPhase section */

/* Begin PBXGroup section */
		6AF0AA54211E297A00A6C502 = {
			isa = PBXGroup;
			children = (
				6AF0AA5F211E297A00A6C502 /* Study Time */,
				6AF0AA5E211E297A00A6C502 /* Products */,
			);
			sourceTree = "<group>";
		};
		6AF0AA5E211E297A00A6C502 /* Products */ = {
			isa = PBXGroup;
			children = (
				6AF0AA5D211E297A00A6C502 /* Study Time.app */,
			);
			name = Products;
			sourceTree = "<group>";
		};
		6AF0AA5F211E297A00A6C502 /* Study Time */ = {
			isa = PBXGroup;
			children = (
				6AF0AA60211E297A00A6C502 /* AppDelegate.swift */,
				6AF0AA62211E297A00A6C502 /* ViewController.swift */,
				6AF0AA7D2129FA5C00A6C502 /* ViewControllerSounds.swift */,
				6AF0AA64211E297A00A6C502 /* Main.storyboard */,
				6AF0AA6A211E298400A6C502 /* Assets.xcassets */,
				6AF0AA6C211E298400A6C502 /* LaunchScreen.storyboard */,
				6AF0AA6F211E298400A6C502 /* Info.plist */,
				6AF0AAA2212A616900A6C502 /* Songs */,
				6AF0AA67211E297B00A6C502 /* Study_Time.xcdatamodeld */,
			);
			path = "Study Time";
			sourceTree = "<group>";
		};
		6AF0AAA2212A616900A6C502 /* Songs */ = {
			isa = PBXGroup;
			children = (
				6AF0AAA3212A616900A6C502 /* song.mp3 */,
				6A1AACD4212E644200EED212 /* 243019__davestalker__flock-of-birds-in-hedge2.mp3 */,
				6AF0AAA4212A616900A6C502 /* songlabamaa florida.mp3 */,
			);
			path = Songs;
			sourceTree = "<group>";
		};
/* End PBXGroup section */

/* Begin PBXNativeTarget section */
		6AF0AA5C211E297A00A6C502 /* Study Time */ = {
			isa = PBXNativeTarget;
			buildConfigurationList = 6AF0AA72211E298400A6C502 /* Build configuration list for PBXNativeTarget "Study Time" */;
			buildPhases = (
				6AF0AA59211E297A00A6C502 /* Sources */,
				6AF0AA5A211E297A00A6C502 /* Frameworks */,
				6AF0AA5B211E297A00A6C502 /* Resources */,
			);
			buildRules = (
			);
			dependencies = (
			);
			name = "Study Time";
			productName = "Study Time";
			productReference = 6AF0AA5D211E297A00A6C502 /* Study Time.app */;
			productType = "com.apple.product-type.application";
		};
/* End PBXNativeTarget section */

/* Begin PBXProject section */
		6AF0AA55211E297A00A6C502 /* Project object */ = {
			isa = PBXProject;
			attributes = {
				LastSwiftUpdateCheck = 0940;
				LastUpgradeCheck = 0940;
				ORGANIZATIONNAME = "Henrique Bersani";
				TargetAttributes = {
					6AF0AA5C211E297A00A6C502 = {
						CreatedOnToolsVersion = 9.4.1;
					};
				};
			};
			buildConfigurationList = 6AF0AA58211E297A00A6C502 /* Build configuration list for PBXProject "Study Time" */;
			compatibilityVersion = "Xcode 9.3";
			developmentRegion = en;
			hasScannedForEncodings = 0;
			knownRegions = (
				en,
				Base,
			);
			mainGroup = 6AF0AA54211E297A00A6C502;
			productRefGroup = 6AF0AA5E211E297A00A6C502 /* Products */;
			projectDirPath = "";
			projectRoot = "";
			targets = (
				6AF0AA5C211E297A00A6C502 /* Study Time */,
			);
		};
/* End PBXProject section */

/* Begin PBXResourcesBuildPhase section */
		6AF0AA5B211E297A00A6C502 /* Resources */ = {
			isa = PBXResourcesBuildPhase;
			buildActionMask = 2147483647;
			files = (
				6AF0AA6E211E298400A6C502 /* LaunchScreen.storyboard in Resources */,
				6AF0AA6B211E298400A6C502 /* Assets.xcassets in Resources */,
				6AF0AAA6212A616900A6C502 /* songlabamaa florida.mp3 in Resources */,
				6AF0AA66211E297A00A6C502 /* Main.storyboard in Resources */,
				6A1AACD5212E644400EED212 /* 243019__davestalker__flock-of-birds-in-hedge2.mp3 in Resources */,
				6AF0AAA5212A616900A6C502 /* song.mp3 in Resources */,
			);
			runOnlyForDeploymentPostprocessing = 0;
		};
/* End PBXResourcesBuildPhase section */

/* Begin PBXSourcesBuildPhase section */
		6AF0AA59211E297A00A6C502 /* Sources */ = {
			isa = PBXSourcesBuildPhase;
			buildActionMask = 2147483647;
			files = (
				6AF0AA7E2129FA5C00A6C502 /* ViewControllerSounds.swift in Sources */,
				6AF0AA69211E297B00A6C502 /* Study_Time.xcdatamodeld in Sources */,
				6AF0AA63211E297A00A6C502 /* ViewController.swift in Sources */,
				6AF0AA61211E297A00A6C502 /* AppDelegate.swift in Sources */,
			);
			runOnlyForDeploymentPostprocessing = 0;
		};
/* End PBXSourcesBuildPhase section */

/* Begin PBXVariantGroup section */
		6AF0AA64211E297A00A6C502 /* Main.storyboard */ = {
			isa = PBXVariantGroup;
			children = (
				6AF0AA65211E297A00A6C502 /* Base */,
			);
			name = Main.storyboard;
			sourceTree = "<group>";
		};
		6AF0AA6C211E298400A6C502 /* LaunchScreen.storyboard */ = {
			isa = PBXVariantGroup;
			children = (
				6AF0AA6D211E298400A6C502 /* Base */,
			);
			name = LaunchScreen.storyboard;
			sourceTree = "<group>";
		};
/* End PBXVariantGroup section */

/* Begin XCBuildConfiguration section */
		6AF0AA70211E298400A6C502 /* Debug */ = {
			isa = XCBuildConfiguration;
			buildSettings = {
				ALWAYS_SEARCH_USER_PATHS = NO;
				CLANG_ANALYZER_NONNULL = YES;
				CLANG_ANALYZER_NUMBER_OBJECT_CONVERSION = YES_AGGRESSIVE;
				CLANG_CXX_LANGUAGE_STANDARD = "gnu++14";
				CLANG_CXX_LIBRARY = "libc++";
				CLANG_ENABLE_MODULES = YES;
				CLANG_ENABLE_OBJC_ARC = YES;
				CLANG_ENABLE_OBJC_WEAK = YES;
				CLANG_WARN_BLOCK_CAPTURE_AUTORELEASING = YES;
				CLANG_WARN_BOOL_CONVERSION = YES;
				CLANG_WARN_COMMA = YES;
				CLANG_WARN_CONSTANT_CONVERSION = YES;
				CLANG_WARN_DEPRECATED_OBJC_IMPLEMENTATIONS = YES;
				CLANG_WARN_DIRECT_OBJC_ISA_USAGE = YES_ERROR;
				CLANG_WARN_DOCUMENTATION_COMMENTS = YES;
				CLANG_WARN_EMPTY_BODY = YES;
				CLANG_WARN_ENUM_CONVERSION = YES;
				CLANG_WARN_INFINITE_RECURSION = YES;
				CLANG_WARN_INT_CONVERSION = YES;
				CLANG_WARN_NON_LITERAL_NULL_CONVERSION = YES;
				CLANG_WARN_OBJC_IMPLICIT_RETAIN_SELF = YES;
				CLANG_WARN_OBJC_LITERAL_CONVERSION = YES;
				CLANG_WARN_OBJC_ROOT_CLASS = YES_ERROR;
				CLANG_WARN_RANGE_LOOP_ANALYSIS = YES;
				CLANG_WARN_STRICT_PROTOTYPES = YES;
				CLANG_WARN_SUSPICIOUS_MOVE = YES;
				CLANG_WARN_UNGUARDED_AVAILABILITY = YES_AGGRESSIVE;
				CLANG_WARN_UNREACHABLE_CODE = YES;
				CLANG_WARN__DUPLICATE_METHOD_MATCH = YES;
				CODE_SIGN_IDENTITY = "iPhone Developer";
				COPY_PHASE_STRIP = NO;
				DEBUG_INFORMATION_FORMAT = dwarf;
				ENABLE_STRICT_OBJC_MSGSEND = YES;
				ENABLE_TESTABILITY = YES;
				GCC_C_LANGUAGE_STANDARD = gnu11;
				GCC_DYNAMIC_NO_PIC = NO;
				GCC_NO_COMMON_BLOCKS = YES;
				GCC_OPTIMIZATION_LEVEL = 0;
				GCC_PREPROCESSOR_DEFINITIONS = (
					"DEBUG=1",
					"$(inherited)",
				);
				GCC_WARN_64_TO_32_BIT_CONVERSION = YES;
				GCC_WARN_ABOUT_RETURN_TYPE = YES_ERROR;
				GCC_WARN_UNDECLARED_SELECTOR = YES;
				GCC_WARN_UNINITIALIZED_AUTOS = YES_AGGRESSIVE;
				GCC_WARN_UNUSED_FUNCTION = YES;
				GCC_WARN_UNUSED_VARIABLE = YES;
				IPHONEOS_DEPLOYMENT_TARGET = 11.4;
				MTL_ENABLE_DEBUG_INFO = YES;
				ONLY_ACTIVE_ARCH = YES;
				SDKROOT = iphoneos;
				SWIFT_ACTIVE_COMPILATION_CONDITIONS = DEBUG;
				SWIFT_OPTIMIZATION_LEVEL = "-Onone";
			};
			name = Debug;
		};
		6AF0AA71211E298400A6C502 /* Release */ = {
			isa = XCBuildConfiguration;
			buildSettings = {
				ALWAYS_SEARCH_USER_PATHS = NO;
				CLANG_ANALYZER_NONNULL = YES;
				CLANG_ANALYZER_NUMBER_OBJECT_CONVERSION = YES_AGGRESSIVE;
				CLANG_CXX_LANGUAGE_STANDARD = "gnu++14";
				CLANG_CXX_LIBRARY = "libc++";
				CLANG_ENABLE_MODULES = YES;
				CLANG_ENABLE_OBJC_ARC = YES;
				CLANG_ENABLE_OBJC_WEAK = YES;
				CLANG_WARN_BLOCK_CAPTURE_AUTORELEASING = YES;
				CLANG_WARN_BOOL_CONVERSION = YES;
				CLANG_WARN_COMMA = YES;
				CLANG_WARN_CONSTANT_CONVERSION = YES;
				CLANG_WARN_DEPRECATED_OBJC_IMPLEMENTATIONS = YES;
				CLANG_WARN_DIRECT_OBJC_ISA_USAGE = YES_ERROR;
				CLANG_WARN_DOCUMENTATION_COMMENTS = YES;
				CLANG_WARN_EMPTY_BODY = YES;
				CLANG_WARN_ENUM_CONVERSION = YES;
				CLANG_WARN_INFINITE_RECURSION = YES;
				CLANG_WARN_INT_CONVERSION = YES;
				CLANG_WARN_NON_LITERAL_NULL_CONVERSION = YES;
				CLANG_WARN_OBJC_IMPLICIT_RETAIN_SELF = YES;
				CLANG_WARN_OBJC_LITERAL_CONVERSION = YES;
				CLANG_WARN_OBJC_ROOT_CLASS = YES_ERROR;
				CLANG_WARN_RANGE_LOOP_ANALYSIS = YES;
				CLANG_WARN_STRICT_PROTOTYPES = YES;
				CLANG_WARN_SUSPICIOUS_MOVE = YES;
				CLANG_WARN_UNGUARDED_AVAILABILITY = YES_AGGRESSIVE;
				CLANG_WARN_UNREACHABLE_CODE = YES;
				CLANG_WARN__DUPLICATE_METHOD_MATCH = YES;
				CODE_SIGN_IDENTITY = "iPhone Developer";
				COPY_PHASE_STRIP = NO;
				DEBUG_INFORMATION_FORMAT = "dwarf-with-dsym";
				ENABLE_NS_ASSERTIONS = NO;
				ENABLE_STRICT_OBJC_MSGSEND = YES;
				GCC_C_LANGUAGE_STANDARD = gnu11;
				GCC_NO_COMMON_BLOCKS = YES;
				GCC_WARN_64_TO_32_BIT_CONVERSION = YES;
				GCC_WARN_ABOUT_RETURN_TYPE = YES_ERROR;
				GCC_WARN_UNDECLARED_SELECTOR = YES;
				GCC_WARN_UNINITIALIZED_AUTOS = YES_AGGRESSIVE;
				GCC_WARN_UNUSED_FUNCTION = YES;
				GCC_WARN_UNUSED_VARIABLE = YES;
				IPHONEOS_DEPLOYMENT_TARGET = 11.4;
				MTL_ENABLE_DEBUG_INFO = NO;
				SDKROOT = iphoneos;
				SWIFT_COMPILATION_MODE = wholemodule;
				SWIFT_OPTIMIZATION_LEVEL = "-O";
				VALIDATE_PRODUCT = YES;
			};
			name = Release;
		};
		6AF0AA73211E298400A6C502 /* Debug */ = {
			isa = XCBuildConfiguration;
			buildSettings = {
				ASSETCATALOG_COMPILER_APPICON_NAME = AppIcon;
				CODE_SIGN_STYLE = Automatic;
				DEVELOPMENT_TEAM = GN6DVF8BXY;
				INFOPLIST_FILE = "Study Time/Info.plist";
				LD_RUNPATH_SEARCH_PATHS = (
					"$(inherited)",
					"@executable_path/Frameworks",
				);
				PRODUCT_BUNDLE_IDENTIFIER = "-.Study-Time";
				PRODUCT_NAME = "$(TARGET_NAME)";
				SWIFT_VERSION = 4.0;
				TARGETED_DEVICE_FAMILY = "1,2";
			};
			name = Debug;
		};
		6AF0AA74211E298400A6C502 /* Release */ = {
			isa = XCBuildConfiguration;
			buildSettings = {
				ASSETCATALOG_COMPILER_APPICON_NAME = AppIcon;
				CODE_SIGN_STYLE = Automatic;
				DEVELOPMENT_TEAM = GN6DVF8BXY;
				INFOPLIST_FILE = "Study Time/Info.plist";
				LD_RUNPATH_SEARCH_PATHS = (
					"$(inherited)",
					"@executable_path/Frameworks",
				);
				PRODUCT_BUNDLE_IDENTIFIER = "-.Study-Time";
				PRODUCT_NAME = "$(TARGET_NAME)";
				SWIFT_VERSION = 4.0;
				TARGETED_DEVICE_FAMILY = "1,2";
			};
			name = Release;
		};
/* End XCBuildConfiguration section */

/* Begin XCConfigurationList section */
		6AF0AA58211E297A00A6C502 /* Build configuration list for PBXProject "Study Time" */ = {
			isa = XCConfigurationList;
			buildConfigurations = (
				6AF0AA70211E298400A6C502 /* Debug */,
				6AF0AA71211E298400A6C502 /* Release */,
			);
			defaultConfigurationIsVisible = 0;
			defaultConfigurationName = Release;
		};
		6AF0AA72211E298400A6C502 /* Build configuration list for PBXNativeTarget "Study Time" */ = {
			isa = XCConfigurationList;
			buildConfigurations = (
				6AF0AA73211E298400A6C502 /* Debug */,
				6AF0AA74211E298400A6C502 /* Release */,
			);
			defaultConfigurationIsVisible = 0;
			defaultConfigurationName = Release;
		};
/* End XCConfigurationList section */

/* Begin XCVersionGroup section */
		6AF0AA67211E297B00A6C502 /* Study_Time.xcdatamodeld */ = {
			isa = XCVersionGroup;
			children = (
				6AF0AA68211E297B00A6C502 /* Study_Time.xcdatamodel */,
			);
			currentVersion = 6AF0AA68211E297B00A6C502 /* Study_Time.xcdatamodel */;
			path = Study_Time.xcdatamodeld;
			sourceTree = "<group>";
			versionGroupType = wrapper.xcdatamodel;
		};
/* End XCVersionGroup section */
	};
	rootObject = 6AF0AA55211E297A00A6C502 /* Project object */;
}
